
Microsoft Visual Studio Solution File, Format Version 12.00
# Visual Studio 15
VisualStudioVersion = 15.0.27130.2027
MinimumVisualStudioVersion = 10.0.40219.1
Project("{FAE04EC0-301F-11D3-BF4B-00C04F79EFBC}") = "p01_Phonebook", "p01_Phonebook\p01_Phonebook.csproj", "{FAB4FF91-CF07-4EF9-88E9-6E03F38FDCE1}"
EndProject
Project("{FAE04EC0-301F-11D3-BF4B-00C04F79EFBC}") = "p03_A_Miner_Task", "p03_A_Miner_Task\p03_A_Miner_Task.csproj", "{AF35F0A9-AC8F-43F9-A616-AD2BAE5C786A}"
EndProject
Project("{FAE04EC0-301F-11D3-BF4B-00C04F79EFBC}") = "p04_Fix_Emails", "p04_Fix_Emails\p04_Fix_Emails.csproj", "{4543A8D3-6DE8-4A3A-995D-B626F1A326D5}"
EndProject
Project("{FAE04EC0-301F-11D3-BF4B-00C04F79EFBC}") = "p05_HAnds_Of_Cards", "p05_HAnds_Of_Cards\p05_HAnds_Of_Cards.csproj", "{F4D0E445-9D5E-49DC-A590-4174305108F2}"
EndProject
Project("{FAE04EC0-301F-11D3-BF4B-00C04F79EFBC}") = "p06_User_Logs", "p06_User_Logs\p06_User_Logs.csproj", "{C67D5AE6-9CFB-47DB-83E5-7BEFA546D65E}"
EndProject
Project("{FAE04EC0-301F-11D3-BF4B-00C04F79EFBC}") = "p07_Population_Counter", "p07_Populatio_Counter\p07_Population_Counter.csproj", "{217A1C4F-A266-4C85-96E4-6925C62C188A}"
EndProject
Project("{FAE04EC0-301F-11D3-BF4B-00C04F79EFBC}") = "p09_LEGENDARY_FARMING", "p09_LEGENDARY_FARMING\p09_LEGENDARY_FARMING.csproj", "{1E398E1B-B6E1-4B39-B4BB-B794102A17B0}"
EndProject
Global
	GlobalSection(SolutionConfigurationPlatforms) = preSolution
		Debug|Any CPU = Debug|Any CPU
		Release|Any CPU = Release|Any CPU
	EndGlobalSection
	GlobalSection(ProjectConfigurationPlatforms) = postSolution
		{FAB4FF91-CF07-4EF9-88E9-6E03F38FDCE1}.Debug|Any CPU.ActiveCfg = Debug|Any CPU
		{FAB4FF91-CF07-4EF9-88E9-6E03F38FDCE1}.Debug|Any CPU.Build.0 = Debug|Any CPU
		{FAB4FF91-CF07-4EF9-88E9-6E03F38FDCE1}.Release|Any CPU.ActiveCfg = Release|Any CPU
		{FAB4FF91-CF07-4EF9-88E9-6E03F38FDCE1}.Release|Any CPU.Build.0 = Release|Any CPU
		{AF35F0A9-AC8F-43F9-A616-AD2BAE5C786A}.Debug|Any CPU.ActiveCfg = Debug|Any CPU
		{AF35F0A9-AC8F-43F9-A616-AD2BAE5C786A}.Debug|Any CPU.Build.0 = Debug|Any CPU
		{AF35F0A9-AC8F-43F9-A616-AD2BAE5C786A}.Release|Any CPU.ActiveCfg = Release|Any CPU
		{AF35F0A9-AC8F-43F9-A616-AD2BAE5C786A}.Release|Any CPU.Build.0 = Release|Any CPU
		{4543A8D3-6DE8-4A3A-995D-B626F1A326D5}.Debug|Any CPU.ActiveCfg = Debug|Any CPU
		{4543A8D3-6DE8-4A3A-995D-B626F1A326D5}.Debug|Any CPU.Build.0 = Debug|Any CPU
		{4543A8D3-6DE8-4A3A-995D-B626F1A326D5}.Release|Any CPU.ActiveCfg = Release|Any CPU
		{4543A8D3-6DE8-4A3A-995D-B626F1A326D5}.Release|Any CPU.Build.0 = Release|Any CPU
		{F4D0E445-9D5E-49DC-A590-4174305108F2}.Debug|Any CPU.ActiveCfg = Debug|Any CPU
		{F4D0E445-9D5E-49DC-A590-4174305108F2}.Debug|Any CPU.Build.0 = Debug|Any CPU
		{F4D0E445-9D5E-49DC-A590-4174305108F2}.Release|Any CPU.ActiveCfg = Release|Any CPU
		{F4D0E445-9D5E-49DC-A590-4174305108F2}.Release|Any CPU.Build.0 = Release|Any CPU
		{C67D5AE6-9CFB-47DB-83E5-7BEFA546D65E}.Debug|Any CPU.ActiveCfg = Debug|Any CPU
		{C67D5AE6-9CFB-47DB-83E5-7BEFA546D65E}.Debug|Any CPU.Build.0 = Debug|Any CPU
		{C67D5AE6-9CFB-47DB-83E5-7BEFA546D65E}.Release|Any CPU.ActiveCfg = Release|Any CPU
		{C67D5AE6-9CFB-47DB-83E5-7BEFA546D65E}.Release|Any CPU.Build.0 = Release|Any CPU
		{217A1C4F-A266-4C85-96E4-6925C62C188A}.Debug|Any CPU.ActiveCfg = Debug|Any CPU
		{217A1C4F-A266-4C85-96E4-6925C62C188A}.Debug|Any CPU.Build.0 = Debug|Any CPU
		{217A1C4F-A266-4C85-96E4-6925C62C188A}.Release|Any CPU.ActiveCfg = Release|Any CPU
		{217A1C4F-A266-4C85-96E4-6925C62C188A}.Release|Any CPU.Build.0 = Release|Any CPU
		{1E398E1B-B6E1-4B39-B4BB-B794102A17B0}.Debug|Any CPU.ActiveCfg = Debug|Any CPU
		{1E398E1B-B6E1-4B39-B4BB-B794102A17B0}.Debug|Any CPU.Build.0 = Debug|Any CPU
		{1E398E1B-B6E1-4B39-B4BB-B794102A17B0}.Release|Any CPU.ActiveCfg = Release|Any CPU
		{1E398E1B-B6E1-4B39-B4BB-B794102A17B0}.Release|Any CPU.Build.0 = Release|Any CPU
	EndGlobalSection
	GlobalSection(SolutionProperties) = preSolution
		HideSolutionNode = FALSE
	EndGlobalSection
	GlobalSection(ExtensibilityGlobals) = postSolution
		SolutionGuid = {3947E930-1BD6-4C49-9277-C21A65129A57}
	EndGlobalSection
EndGlobal
