
Microsoft Visual Studio Solution File, Format Version 12.00
# Visual Studio 15
VisualStudioVersion = 15.0.27130.2027
MinimumVisualStudioVersion = 10.0.40219.1
Project("{FAE04EC0-301F-11D3-BF4B-00C04F79EFBC}") = "p01", "ConsoleApp1\p01.csproj", "{AA4E4F60-CE06-44EE-9746-9DFB06D5C2A6}"
EndProject
Project("{FAE04EC0-301F-11D3-BF4B-00C04F79EFBC}") = "p02", "ConsoleApp2\p02.csproj", "{07856B5A-BA34-4089-90BE-31B5299A682D}"
EndProject
Project("{FAE04EC0-301F-11D3-BF4B-00C04F79EFBC}") = "p03", "ConsoleApp3\p03.csproj", "{ED977BD8-C466-475C-B173-DF9ECB93B852}"
EndProject
Project("{FAE04EC0-301F-11D3-BF4B-00C04F79EFBC}") = "p04", "ConsoleApp4\p04.csproj", "{8AEA20D8-140C-4547-903A-0F00806F713A}"
EndProject
Project("{FAE04EC0-301F-11D3-BF4B-00C04F79EFBC}") = "p05", "ConsoleApp5\p05.csproj", "{51294D89-5D19-491C-BA3F-6C1183F6F1B3}"
EndProject
Project("{FAE04EC0-301F-11D3-BF4B-00C04F79EFBC}") = "p06", "ConsoleApp6\p06.csproj", "{D7D7391D-47F4-4994-BB97-614F89883F20}"
EndProject
Project("{FAE04EC0-301F-11D3-BF4B-00C04F79EFBC}") = "p07", "ConsoleApp7\p07.csproj", "{53E3F414-4EBA-4E67-BA98-3EDCC8EC8A14}"
EndProject
Project("{FAE04EC0-301F-11D3-BF4B-00C04F79EFBC}") = "p08", "ConsoleApp8\p08.csproj", "{7F5846C8-EAC7-43A2-83B9-08E857381A7F}"
EndProject
Project("{FAE04EC0-301F-11D3-BF4B-00C04F79EFBC}") = "p09", "ConsoleApp9\p09.csproj", "{B2C86DCF-3F15-4DE0-B399-93F395418B50}"
EndProject
Project("{FAE04EC0-301F-11D3-BF4B-00C04F79EFBC}") = "p10", "ConsoleApp10\p10.csproj", "{EA0B155B-F218-45B7-B577-9F89B9DEA697}"
EndProject
Project("{FAE04EC0-301F-11D3-BF4B-00C04F79EFBC}") = "p11", "ConsoleApp11\p11.csproj", "{D1B2D05F-7AEE-487B-9437-F9752C5247DD}"
EndProject
Project("{FAE04EC0-301F-11D3-BF4B-00C04F79EFBC}") = "p12", "ConsoleApp12\p12.csproj", "{9001B8F1-7BD7-41FC-BE44-E60A285D7689}"
EndProject
Project("{FAE04EC0-301F-11D3-BF4B-00C04F79EFBC}") = "p13", "ConsoleApp13\p13.csproj", "{2034308B-85FA-46E7-9891-6A39DD561251}"
EndProject
Project("{FAE04EC0-301F-11D3-BF4B-00C04F79EFBC}") = "p14", "ConsoleApp14\p14.csproj", "{840659EA-EB99-4A2A-B8B0-085853B9FBC3}"
EndProject
Project("{FAE04EC0-301F-11D3-BF4B-00C04F79EFBC}") = "p15", "ConsoleApp15\p15.csproj", "{B6D07650-8D25-4A16-9FC5-1D9B0612726B}"
EndProject
Project("{FAE04EC0-301F-11D3-BF4B-00C04F79EFBC}") = "p16", "ConsoleApp16\p16.csproj", "{F2794615-F9A8-47A8-9E22-6EBC29056632}"
EndProject
Project("{FAE04EC0-301F-11D3-BF4B-00C04F79EFBC}") = "p17", "ConsoleApp17\p17.csproj", "{854A71E6-9D90-4B1B-B809-0D0A2DD05DE4}"
EndProject
Project("{FAE04EC0-301F-11D3-BF4B-00C04F79EFBC}") = "p18", "ConsoleApp18\p18.csproj", "{D860679B-863C-478A-AF6B-50BE7E3ECE7D}"
EndProject
Global
	GlobalSection(SolutionConfigurationPlatforms) = preSolution
		Debug|Any CPU = Debug|Any CPU
		Release|Any CPU = Release|Any CPU
	EndGlobalSection
	GlobalSection(ProjectConfigurationPlatforms) = postSolution
		{AA4E4F60-CE06-44EE-9746-9DFB06D5C2A6}.Debug|Any CPU.ActiveCfg = Debug|Any CPU
		{AA4E4F60-CE06-44EE-9746-9DFB06D5C2A6}.Debug|Any CPU.Build.0 = Debug|Any CPU
		{AA4E4F60-CE06-44EE-9746-9DFB06D5C2A6}.Release|Any CPU.ActiveCfg = Release|Any CPU
		{AA4E4F60-CE06-44EE-9746-9DFB06D5C2A6}.Release|Any CPU.Build.0 = Release|Any CPU
		{07856B5A-BA34-4089-90BE-31B5299A682D}.Debug|Any CPU.ActiveCfg = Debug|Any CPU
		{07856B5A-BA34-4089-90BE-31B5299A682D}.Debug|Any CPU.Build.0 = Debug|Any CPU
		{07856B5A-BA34-4089-90BE-31B5299A682D}.Release|Any CPU.ActiveCfg = Release|Any CPU
		{07856B5A-BA34-4089-90BE-31B5299A682D}.Release|Any CPU.Build.0 = Release|Any CPU
		{ED977BD8-C466-475C-B173-DF9ECB93B852}.Debug|Any CPU.ActiveCfg = Debug|Any CPU
		{ED977BD8-C466-475C-B173-DF9ECB93B852}.Debug|Any CPU.Build.0 = Debug|Any CPU
		{ED977BD8-C466-475C-B173-DF9ECB93B852}.Release|Any CPU.ActiveCfg = Release|Any CPU
		{ED977BD8-C466-475C-B173-DF9ECB93B852}.Release|Any CPU.Build.0 = Release|Any CPU
		{8AEA20D8-140C-4547-903A-0F00806F713A}.Debug|Any CPU.ActiveCfg = Debug|Any CPU
		{8AEA20D8-140C-4547-903A-0F00806F713A}.Debug|Any CPU.Build.0 = Debug|Any CPU
		{8AEA20D8-140C-4547-903A-0F00806F713A}.Release|Any CPU.ActiveCfg = Release|Any CPU
		{8AEA20D8-140C-4547-903A-0F00806F713A}.Release|Any CPU.Build.0 = Release|Any CPU
		{51294D89-5D19-491C-BA3F-6C1183F6F1B3}.Debug|Any CPU.ActiveCfg = Debug|Any CPU
		{51294D89-5D19-491C-BA3F-6C1183F6F1B3}.Debug|Any CPU.Build.0 = Debug|Any CPU
		{51294D89-5D19-491C-BA3F-6C1183F6F1B3}.Release|Any CPU.ActiveCfg = Release|Any CPU
		{51294D89-5D19-491C-BA3F-6C1183F6F1B3}.Release|Any CPU.Build.0 = Release|Any CPU
		{D7D7391D-47F4-4994-BB97-614F89883F20}.Debug|Any CPU.ActiveCfg = Debug|Any CPU
		{D7D7391D-47F4-4994-BB97-614F89883F20}.Debug|Any CPU.Build.0 = Debug|Any CPU
		{D7D7391D-47F4-4994-BB97-614F89883F20}.Release|Any CPU.ActiveCfg = Release|Any CPU
		{D7D7391D-47F4-4994-BB97-614F89883F20}.Release|Any CPU.Build.0 = Release|Any CPU
		{53E3F414-4EBA-4E67-BA98-3EDCC8EC8A14}.Debug|Any CPU.ActiveCfg = Debug|Any CPU
		{53E3F414-4EBA-4E67-BA98-3EDCC8EC8A14}.Debug|Any CPU.Build.0 = Debug|Any CPU
		{53E3F414-4EBA-4E67-BA98-3EDCC8EC8A14}.Release|Any CPU.ActiveCfg = Release|Any CPU
		{53E3F414-4EBA-4E67-BA98-3EDCC8EC8A14}.Release|Any CPU.Build.0 = Release|Any CPU
		{7F5846C8-EAC7-43A2-83B9-08E857381A7F}.Debug|Any CPU.ActiveCfg = Debug|Any CPU
		{7F5846C8-EAC7-43A2-83B9-08E857381A7F}.Debug|Any CPU.Build.0 = Debug|Any CPU
		{7F5846C8-EAC7-43A2-83B9-08E857381A7F}.Release|Any CPU.ActiveCfg = Release|Any CPU
		{7F5846C8-EAC7-43A2-83B9-08E857381A7F}.Release|Any CPU.Build.0 = Release|Any CPU
		{B2C86DCF-3F15-4DE0-B399-93F395418B50}.Debug|Any CPU.ActiveCfg = Debug|Any CPU
		{B2C86DCF-3F15-4DE0-B399-93F395418B50}.Debug|Any CPU.Build.0 = Debug|Any CPU
		{B2C86DCF-3F15-4DE0-B399-93F395418B50}.Release|Any CPU.ActiveCfg = Release|Any CPU
		{B2C86DCF-3F15-4DE0-B399-93F395418B50}.Release|Any CPU.Build.0 = Release|Any CPU
		{EA0B155B-F218-45B7-B577-9F89B9DEA697}.Debug|Any CPU.ActiveCfg = Debug|Any CPU
		{EA0B155B-F218-45B7-B577-9F89B9DEA697}.Debug|Any CPU.Build.0 = Debug|Any CPU
		{EA0B155B-F218-45B7-B577-9F89B9DEA697}.Release|Any CPU.ActiveCfg = Release|Any CPU
		{EA0B155B-F218-45B7-B577-9F89B9DEA697}.Release|Any CPU.Build.0 = Release|Any CPU
		{D1B2D05F-7AEE-487B-9437-F9752C5247DD}.Debug|Any CPU.ActiveCfg = Debug|Any CPU
		{D1B2D05F-7AEE-487B-9437-F9752C5247DD}.Debug|Any CPU.Build.0 = Debug|Any CPU
		{D1B2D05F-7AEE-487B-9437-F9752C5247DD}.Release|Any CPU.ActiveCfg = Release|Any CPU
		{D1B2D05F-7AEE-487B-9437-F9752C5247DD}.Release|Any CPU.Build.0 = Release|Any CPU
		{9001B8F1-7BD7-41FC-BE44-E60A285D7689}.Debug|Any CPU.ActiveCfg = Debug|Any CPU
		{9001B8F1-7BD7-41FC-BE44-E60A285D7689}.Debug|Any CPU.Build.0 = Debug|Any CPU
		{9001B8F1-7BD7-41FC-BE44-E60A285D7689}.Release|Any CPU.ActiveCfg = Release|Any CPU
		{9001B8F1-7BD7-41FC-BE44-E60A285D7689}.Release|Any CPU.Build.0 = Release|Any CPU
		{2034308B-85FA-46E7-9891-6A39DD561251}.Debug|Any CPU.ActiveCfg = Debug|Any CPU
		{2034308B-85FA-46E7-9891-6A39DD561251}.Debug|Any CPU.Build.0 = Debug|Any CPU
		{2034308B-85FA-46E7-9891-6A39DD561251}.Release|Any CPU.ActiveCfg = Release|Any CPU
		{2034308B-85FA-46E7-9891-6A39DD561251}.Release|Any CPU.Build.0 = Release|Any CPU
		{840659EA-EB99-4A2A-B8B0-085853B9FBC3}.Debug|Any CPU.ActiveCfg = Debug|Any CPU
		{840659EA-EB99-4A2A-B8B0-085853B9FBC3}.Debug|Any CPU.Build.0 = Debug|Any CPU
		{840659EA-EB99-4A2A-B8B0-085853B9FBC3}.Release|Any CPU.ActiveCfg = Release|Any CPU
		{840659EA-EB99-4A2A-B8B0-085853B9FBC3}.Release|Any CPU.Build.0 = Release|Any CPU
		{B6D07650-8D25-4A16-9FC5-1D9B0612726B}.Debug|Any CPU.ActiveCfg = Debug|Any CPU
		{B6D07650-8D25-4A16-9FC5-1D9B0612726B}.Debug|Any CPU.Build.0 = Debug|Any CPU
		{B6D07650-8D25-4A16-9FC5-1D9B0612726B}.Release|Any CPU.ActiveCfg = Release|Any CPU
		{B6D07650-8D25-4A16-9FC5-1D9B0612726B}.Release|Any CPU.Build.0 = Release|Any CPU
		{F2794615-F9A8-47A8-9E22-6EBC29056632}.Debug|Any CPU.ActiveCfg = Debug|Any CPU
		{F2794615-F9A8-47A8-9E22-6EBC29056632}.Debug|Any CPU.Build.0 = Debug|Any CPU
		{F2794615-F9A8-47A8-9E22-6EBC29056632}.Release|Any CPU.ActiveCfg = Release|Any CPU
		{F2794615-F9A8-47A8-9E22-6EBC29056632}.Release|Any CPU.Build.0 = Release|Any CPU
		{854A71E6-9D90-4B1B-B809-0D0A2DD05DE4}.Debug|Any CPU.ActiveCfg = Debug|Any CPU
		{854A71E6-9D90-4B1B-B809-0D0A2DD05DE4}.Debug|Any CPU.Build.0 = Debug|Any CPU
		{854A71E6-9D90-4B1B-B809-0D0A2DD05DE4}.Release|Any CPU.ActiveCfg = Release|Any CPU
		{854A71E6-9D90-4B1B-B809-0D0A2DD05DE4}.Release|Any CPU.Build.0 = Release|Any CPU
		{D860679B-863C-478A-AF6B-50BE7E3ECE7D}.Debug|Any CPU.ActiveCfg = Debug|Any CPU
		{D860679B-863C-478A-AF6B-50BE7E3ECE7D}.Debug|Any CPU.Build.0 = Debug|Any CPU
		{D860679B-863C-478A-AF6B-50BE7E3ECE7D}.Release|Any CPU.ActiveCfg = Release|Any CPU
		{D860679B-863C-478A-AF6B-50BE7E3ECE7D}.Release|Any CPU.Build.0 = Release|Any CPU
	EndGlobalSection
	GlobalSection(SolutionProperties) = preSolution
		HideSolutionNode = FALSE
	EndGlobalSection
	GlobalSection(ExtensibilityGlobals) = postSolution
		SolutionGuid = {C6D42ED5-63CC-479E-82F8-63E9E12A480B}
	EndGlobalSection
EndGlobal
