
Microsoft Visual Studio Solution File, Format Version 12.00
# Visual Studio 15
VisualStudioVersion = 15.0.27130.2027
MinimumVisualStudioVersion = 10.0.40219.1
Project("{FAE04EC0-301F-11D3-BF4B-00C04F79EFBC}") = "p08", "p08\p08.csproj", "{5D443061-76E7-4D74-8326-1C2F5D467024}"
EndProject
Project("{FAE04EC0-301F-11D3-BF4B-00C04F79EFBC}") = "p09", "p09\p09.csproj", "{05D87202-D671-449E-ADF5-0D8F201D00C3}"
EndProject
Project("{FAE04EC0-301F-11D3-BF4B-00C04F79EFBC}") = "p10", "p10\p10.csproj", "{B5B3B505-BC97-4029-A39B-A5B05160F5D0}"
EndProject
Project("{FAE04EC0-301F-11D3-BF4B-00C04F79EFBC}") = "p11", "p11\p11.csproj", "{0FE83C1F-C9B3-41EC-A86A-5C73F7EDC65C}"
EndProject
Project("{FAE04EC0-301F-11D3-BF4B-00C04F79EFBC}") = "p07", "p07\p07.csproj", "{56B91068-056E-47CF-B52D-C813EF22593C}"
EndProject
Project("{FAE04EC0-301F-11D3-BF4B-00C04F79EFBC}") = "p06", "p06\p06.csproj", "{E08A6FB0-0E01-424D-930A-2CF062D4B7EB}"
EndProject
Project("{FAE04EC0-301F-11D3-BF4B-00C04F79EFBC}") = "p05", "p05\p05.csproj", "{D07244E6-8902-4214-AE52-1C36E2244BA1}"
EndProject
Project("{FAE04EC0-301F-11D3-BF4B-00C04F79EFBC}") = "p04", "p04\p04.csproj", "{7B15E526-479F-4D04-91A8-47660CD53B52}"
EndProject
Project("{FAE04EC0-301F-11D3-BF4B-00C04F79EFBC}") = "p03", "p03\p03.csproj", "{3E59B16E-CB94-440C-B4D2-CEED05E625B3}"
EndProject
Project("{FAE04EC0-301F-11D3-BF4B-00C04F79EFBC}") = "p02", "p02\p02.csproj", "{40AB5CFF-7762-418D-A96E-604351C34F06}"
EndProject
Project("{FAE04EC0-301F-11D3-BF4B-00C04F79EFBC}") = "p01", "p01\p01.csproj", "{EEF70407-7DDA-4BB3-8698-5193E69A067D}"
EndProject
Global
	GlobalSection(SolutionConfigurationPlatforms) = preSolution
		Debug|Any CPU = Debug|Any CPU
		Release|Any CPU = Release|Any CPU
	EndGlobalSection
	GlobalSection(ProjectConfigurationPlatforms) = postSolution
		{5D443061-76E7-4D74-8326-1C2F5D467024}.Debug|Any CPU.ActiveCfg = Debug|Any CPU
		{5D443061-76E7-4D74-8326-1C2F5D467024}.Debug|Any CPU.Build.0 = Debug|Any CPU
		{5D443061-76E7-4D74-8326-1C2F5D467024}.Release|Any CPU.ActiveCfg = Release|Any CPU
		{5D443061-76E7-4D74-8326-1C2F5D467024}.Release|Any CPU.Build.0 = Release|Any CPU
		{05D87202-D671-449E-ADF5-0D8F201D00C3}.Debug|Any CPU.ActiveCfg = Debug|Any CPU
		{05D87202-D671-449E-ADF5-0D8F201D00C3}.Debug|Any CPU.Build.0 = Debug|Any CPU
		{05D87202-D671-449E-ADF5-0D8F201D00C3}.Release|Any CPU.ActiveCfg = Release|Any CPU
		{05D87202-D671-449E-ADF5-0D8F201D00C3}.Release|Any CPU.Build.0 = Release|Any CPU
		{B5B3B505-BC97-4029-A39B-A5B05160F5D0}.Debug|Any CPU.ActiveCfg = Debug|Any CPU
		{B5B3B505-BC97-4029-A39B-A5B05160F5D0}.Debug|Any CPU.Build.0 = Debug|Any CPU
		{B5B3B505-BC97-4029-A39B-A5B05160F5D0}.Release|Any CPU.ActiveCfg = Release|Any CPU
		{B5B3B505-BC97-4029-A39B-A5B05160F5D0}.Release|Any CPU.Build.0 = Release|Any CPU
		{0FE83C1F-C9B3-41EC-A86A-5C73F7EDC65C}.Debug|Any CPU.ActiveCfg = Debug|Any CPU
		{0FE83C1F-C9B3-41EC-A86A-5C73F7EDC65C}.Debug|Any CPU.Build.0 = Debug|Any CPU
		{0FE83C1F-C9B3-41EC-A86A-5C73F7EDC65C}.Release|Any CPU.ActiveCfg = Release|Any CPU
		{0FE83C1F-C9B3-41EC-A86A-5C73F7EDC65C}.Release|Any CPU.Build.0 = Release|Any CPU
		{56B91068-056E-47CF-B52D-C813EF22593C}.Debug|Any CPU.ActiveCfg = Debug|Any CPU
		{56B91068-056E-47CF-B52D-C813EF22593C}.Debug|Any CPU.Build.0 = Debug|Any CPU
		{56B91068-056E-47CF-B52D-C813EF22593C}.Release|Any CPU.ActiveCfg = Release|Any CPU
		{56B91068-056E-47CF-B52D-C813EF22593C}.Release|Any CPU.Build.0 = Release|Any CPU
		{E08A6FB0-0E01-424D-930A-2CF062D4B7EB}.Debug|Any CPU.ActiveCfg = Debug|Any CPU
		{E08A6FB0-0E01-424D-930A-2CF062D4B7EB}.Debug|Any CPU.Build.0 = Debug|Any CPU
		{E08A6FB0-0E01-424D-930A-2CF062D4B7EB}.Release|Any CPU.ActiveCfg = Release|Any CPU
		{E08A6FB0-0E01-424D-930A-2CF062D4B7EB}.Release|Any CPU.Build.0 = Release|Any CPU
		{D07244E6-8902-4214-AE52-1C36E2244BA1}.Debug|Any CPU.ActiveCfg = Debug|Any CPU
		{D07244E6-8902-4214-AE52-1C36E2244BA1}.Debug|Any CPU.Build.0 = Debug|Any CPU
		{D07244E6-8902-4214-AE52-1C36E2244BA1}.Release|Any CPU.ActiveCfg = Release|Any CPU
		{D07244E6-8902-4214-AE52-1C36E2244BA1}.Release|Any CPU.Build.0 = Release|Any CPU
		{7B15E526-479F-4D04-91A8-47660CD53B52}.Debug|Any CPU.ActiveCfg = Debug|Any CPU
		{7B15E526-479F-4D04-91A8-47660CD53B52}.Debug|Any CPU.Build.0 = Debug|Any CPU
		{7B15E526-479F-4D04-91A8-47660CD53B52}.Release|Any CPU.ActiveCfg = Release|Any CPU
		{7B15E526-479F-4D04-91A8-47660CD53B52}.Release|Any CPU.Build.0 = Release|Any CPU
		{3E59B16E-CB94-440C-B4D2-CEED05E625B3}.Debug|Any CPU.ActiveCfg = Debug|Any CPU
		{3E59B16E-CB94-440C-B4D2-CEED05E625B3}.Debug|Any CPU.Build.0 = Debug|Any CPU
		{3E59B16E-CB94-440C-B4D2-CEED05E625B3}.Release|Any CPU.ActiveCfg = Release|Any CPU
		{3E59B16E-CB94-440C-B4D2-CEED05E625B3}.Release|Any CPU.Build.0 = Release|Any CPU
		{40AB5CFF-7762-418D-A96E-604351C34F06}.Debug|Any CPU.ActiveCfg = Debug|Any CPU
		{40AB5CFF-7762-418D-A96E-604351C34F06}.Debug|Any CPU.Build.0 = Debug|Any CPU
		{40AB5CFF-7762-418D-A96E-604351C34F06}.Release|Any CPU.ActiveCfg = Release|Any CPU
		{40AB5CFF-7762-418D-A96E-604351C34F06}.Release|Any CPU.Build.0 = Release|Any CPU
		{EEF70407-7DDA-4BB3-8698-5193E69A067D}.Debug|Any CPU.ActiveCfg = Debug|Any CPU
		{EEF70407-7DDA-4BB3-8698-5193E69A067D}.Debug|Any CPU.Build.0 = Debug|Any CPU
		{EEF70407-7DDA-4BB3-8698-5193E69A067D}.Release|Any CPU.ActiveCfg = Release|Any CPU
		{EEF70407-7DDA-4BB3-8698-5193E69A067D}.Release|Any CPU.Build.0 = Release|Any CPU
	EndGlobalSection
	GlobalSection(SolutionProperties) = preSolution
		HideSolutionNode = FALSE
	EndGlobalSection
	GlobalSection(ExtensibilityGlobals) = postSolution
		SolutionGuid = {AF7B18DA-7D3E-4616-8974-3AC48EE9D6B0}
	EndGlobalSection
EndGlobal
