
Microsoft Visual Studio Solution File, Format Version 12.00
# Visual Studio 15
VisualStudioVersion = 15.0.27130.2027
MinimumVisualStudioVersion = 10.0.40219.1
Project("{FAE04EC0-301F-11D3-BF4B-00C04F79EFBC}") = "p01.Greeting", "ConsoleApp1\p01.Greeting.csproj", "{C5C1D0A2-FAB7-4BF4-A271-C4A0F983B553}"
EndProject
Project("{FAE04EC0-301F-11D3-BF4B-00C04F79EFBC}") = "p02. Add Two Numbers", "02. Add Two Numbers\p02. Add Two Numbers.csproj", "{4332DB94-B78B-41D7-AB81-151E4FB55E47}"
EndProject
Project("{FAE04EC0-301F-11D3-BF4B-00C04F79EFBC}") = "p03. Employee Data", "p03. Employee Data\p03. Employee Data.csproj", "{823287E7-9EB4-4068-9202-E04F031A8252}"
EndProject
Global
	GlobalSection(SolutionConfigurationPlatforms) = preSolution
		Debug|Any CPU = Debug|Any CPU
		Release|Any CPU = Release|Any CPU
	EndGlobalSection
	GlobalSection(ProjectConfigurationPlatforms) = postSolution
		{C5C1D0A2-FAB7-4BF4-A271-C4A0F983B553}.Debug|Any CPU.ActiveCfg = Debug|Any CPU
		{C5C1D0A2-FAB7-4BF4-A271-C4A0F983B553}.Debug|Any CPU.Build.0 = Debug|Any CPU
		{C5C1D0A2-FAB7-4BF4-A271-C4A0F983B553}.Release|Any CPU.ActiveCfg = Release|Any CPU
		{C5C1D0A2-FAB7-4BF4-A271-C4A0F983B553}.Release|Any CPU.Build.0 = Release|Any CPU
		{4332DB94-B78B-41D7-AB81-151E4FB55E47}.Debug|Any CPU.ActiveCfg = Debug|Any CPU
		{4332DB94-B78B-41D7-AB81-151E4FB55E47}.Debug|Any CPU.Build.0 = Debug|Any CPU
		{4332DB94-B78B-41D7-AB81-151E4FB55E47}.Release|Any CPU.ActiveCfg = Release|Any CPU
		{4332DB94-B78B-41D7-AB81-151E4FB55E47}.Release|Any CPU.Build.0 = Release|Any CPU
		{823287E7-9EB4-4068-9202-E04F031A8252}.Debug|Any CPU.ActiveCfg = Debug|Any CPU
		{823287E7-9EB4-4068-9202-E04F031A8252}.Debug|Any CPU.Build.0 = Debug|Any CPU
		{823287E7-9EB4-4068-9202-E04F031A8252}.Release|Any CPU.ActiveCfg = Release|Any CPU
		{823287E7-9EB4-4068-9202-E04F031A8252}.Release|Any CPU.Build.0 = Release|Any CPU
	EndGlobalSection
	GlobalSection(SolutionProperties) = preSolution
		HideSolutionNode = FALSE
	EndGlobalSection
	GlobalSection(ExtensibilityGlobals) = postSolution
		SolutionGuid = {E92EEB7C-4B65-47FC-9192-43B38E72BBB3}
	EndGlobalSection
EndGlobal
